{
    "_meta": {
        "hash": {
            "sha256": "045481d137b2ce48ba2fc1f6c4d714f084ef57eaaeb2d1295747060d32601ef8"
        },
        "pipfile-spec": 6,
        "requires": {
            "python_full_version": "3.11.8",
            "python_version": "3.11"
        },
        "sources": [
            {
                "name": "pypi",
                "url": "https://pypi.org/simple",
                "verify_ssl": true
            }
        ]
    },
    "default": {
        "psycopg": {
            "hashes": [
                "sha256:644d3973fe26908c73d4be746074f6e5224b03c1101d302d9a53bf565ad64907",
                "sha256:a5764f67c27bec8bfac85764d23c534af2c27b893550377e37ce59c12aac47a2"
            ],
            "index": "pypi",
            "markers": "python_version >= '3.8'",
            "version": "==3.2.3"
        },
        "typing-extensions": {
            "hashes": [
                "sha256:04e5ca0351e0f3f85c6853954072df659d0d13fac324d0072316b67d7794700d",
                "sha256:1a7ead55c7e559dd4dee8856e3a88b41225abfe1ce8df57b7c13915fe121ffb8"
            ],
            "markers": "python_version < '3.13'",
            "version": "==4.12.2"
        },
        "tzdata": {
            "hashes": [
                "sha256:7d85cc416e9382e69095b7bdf4afd9e3880418a2413feec7069d533d6b4e31cc",
                "sha256:a48093786cdcde33cad18c2555e8532f34422074448fbc874186f0abd79565cd"
            ],
            "markers": "sys_platform == 'win32'",
            "version": "==2024.2"
        }
    },
    "develop": {}
}
